// !$*UTF8*$!
{
	archiveVersion = 1;
	classes = {
	};
	objectVersion = 77;
	objects = {

/* Begin PBXContainerItemProxy section */
		11DABBFA2D68D6FE0089ABAD /* PBXContainerItemProxy */ = {
			isa = PBXContainerItemProxy;
			containerPortal = 11DABBDC2D68D6FC0089ABAD /* Project object */;
			proxyType = 1;
			remoteGlobalIDString = 11DABBE32D68D6FC0089ABAD;
			remoteInfo = Orbi;
		};
		11DABC042D68D6FE0089ABAD /* PBXContainerItemProxy */ = {
			isa = PBXContainerItemProxy;
			containerPortal = 11DABBDC2D68D6FC0089ABAD /* Project object */;
			proxyType = 1;
			remoteGlobalIDString = 11DABBE32D68D6FC0089ABAD;
			remoteInfo = Orbi;
		};
/* End PBXContainerItemProxy section */

/* Begin PBXFileReference section */
		11DABBE42D68D6FC0089ABAD /* Orbi.app */ = {isa = PBXFileReference; explicitFileType = wrapper.application; includeInIndex = 0; path = Orbi.app; sourceTree = BUILT_PRODUCTS_DIR; };
		11DABBF92D68D6FE0089ABAD /* OrbiTests.xctest */ = {isa = PBXFileReference; explicitFileType = wrapper.cfbundle; includeInIndex = 0; path = OrbiTests.xctest; sourceTree = BUILT_PRODUCTS_DIR; };
		11DABC032D68D6FE0089ABAD /* OrbiUITests.xctest */ = {isa = PBXFileReference; explicitFileType = wrapper.cfbundle; includeInIndex = 0; path = OrbiUITests.xctest; sourceTree = BUILT_PRODUCTS_DIR; };
/* End PBXFileReference section */

/* Begin PBXFileSystemSynchronizedRootGroup section */
		11DABBE62D68D6FC0089ABAD /* Orbi */ = {
			isa = PBXFileSystemSynchronizedRootGroup;
			path = Orbi;
			sourceTree = "<group>";
		};
		11DABBFC2D68D6FE0089ABAD /* OrbiTests */ = {
			isa = PBXFileSystemSynchronizedRootGroup;
			path = OrbiTests;
			sourceTree = "<group>";
		};
		11DABC062D68D6FE0089ABAD /* OrbiUITests */ = {
			isa = PBXFileSystemSynchronizedRootGroup;
			path = OrbiUITests;
			sourceTree = "<group>";
		};
/* End PBXFileSystemSynchronizedRootGroup section */

/* Begin PBXFrameworksBuildPhase section */
		11DABBE12D68D6FC0089ABAD /* Frameworks */ = {
			isa = PBXFrameworksBuildPhase;
			buildActionMask = 2147483647;
			files = (
			);
			runOnlyForDeploymentPostprocessing = 0;
		};
		11DABBF62D68D6FE0089ABAD /* Frameworks */ = {
			isa = PBXFrameworksBuildPhase;
			buildActionMask = 2147483647;
			files = (
			);
			runOnlyForDeploymentPostprocessing = 0;
		};
		11DABC002D68D6FE0089ABAD /* Frameworks */ = {
			isa = PBXFrameworksBuildPhase;
			buildActionMask = 2147483647;
			files = (
			);
			runOnlyForDeploymentPostprocessing = 0;
		};
/* End PBXFrameworksBuildPhase section */

/* Begin PBXGroup section */
		11DABBDB2D68D6FC0089ABAD = {
			isa = PBXGroup;
			children = (
				11DABBE62D68D6FC0089ABAD /* Orbi */,
				11DABBFC2D68D6FE0089ABAD /* OrbiTests */,
				11DABC062D68D6FE0089ABAD /* OrbiUITests */,
				11DABBE52D68D6FC0089ABAD /* Products */,
			);
			sourceTree = "<group>";
		};
		11DABBE52D68D6FC0089ABAD /* Products */ = {
			isa = PBXGroup;
			children = (
				11DABBE42D68D6FC0089ABAD /* Orbi.app */,
				11DABBF92D68D6FE0089ABAD /* OrbiTests.xctest */,
				11DABC032D68D6FE0089ABAD /* OrbiUITests.xctest */,
			);
			name = Products;
			sourceTree = "<group>";
		};
/* End PBXGroup section */

/* Begin PBXNativeTarget section */
		11DABBE32D68D6FC0089ABAD /* Orbi */ = {
			isa = PBXNativeTarget;
			buildConfigurationList = 11DABC0D2D68D6FE0089ABAD /* Build configuration list for PBXNativeTarget "Orbi" */;
			buildPhases = (
				11DABBE02D68D6FC0089ABAD /* Sources */,
				11DABBE12D68D6FC0089ABAD /* Frameworks */,
				11DABBE22D68D6FC0089ABAD /* Resources */,
			);
			buildRules = (
			);
			dependencies = (
			);
			fileSystemSynchronizedGroups = (
				11DABBE62D68D6FC0089ABAD /* Orbi */,
			);
			name = Orbi;
			packageProductDependencies = (
			);
			productName = Orbi;
			productReference = 11DABBE42D68D6FC0089ABAD /* Orbi.app */;
			productType = "com.apple.product-type.application";
		};
		11DABBF82D68D6FE0089ABAD /* OrbiTests */ = {
			isa = PBXNativeTarget;
			buildConfigurationList = 11DABC102D68D6FE0089ABAD /* Build configuration list for PBXNativeTarget "OrbiTests" */;
			buildPhases = (
				11DABBF52D68D6FE0089ABAD /* Sources */,
				11DABBF62D68D6FE0089ABAD /* Frameworks */,
				11DABBF72D68D6FE0089ABAD /* Resources */,
			);
			buildRules = (
			);
			dependencies = (
				11DABBFB2D68D6FE0089ABAD /* PBXTargetDependency */,
			);
			fileSystemSynchronizedGroups = (
				11DABBFC2D68D6FE0089ABAD /* OrbiTests */,
			);
			name = OrbiTests;
			packageProductDependencies = (
			);
			productName = OrbiTests;
			productReference = 11DABBF92D68D6FE0089ABAD /* OrbiTests.xctest */;
			productType = "com.apple.product-type.bundle.unit-test";
		};
		11DABC022D68D6FE0089ABAD /* OrbiUITests */ = {
			isa = PBXNativeTarget;
			buildConfigurationList = 11DABC132D68D6FE0089ABAD /* Build configuration list for PBXNativeTarget "OrbiUITests" */;
			buildPhases = (
				11DABBFF2D68D6FE0089ABAD /* Sources */,
				11DABC002D68D6FE0089ABAD /* Frameworks */,
				11DABC012D68D6FE0089ABAD /* Resources */,
			);
			buildRules = (
			);
			dependencies = (
				11DABC052D68D6FE0089ABAD /* PBXTargetDependency */,
			);
			fileSystemSynchronizedGroups = (
				11DABC062D68D6FE0089ABAD /* OrbiUITests */,
			);
			name = OrbiUITests;
			packageProductDependencies = (
			);
			productName = OrbiUITests;
			productReference = 11DABC032D68D6FE0089ABAD /* OrbiUITests.xctest */;
			productType = "com.apple.product-type.bundle.ui-testing";
		};
/* End PBXNativeTarget section */

/* Begin PBXProject section */
		11DABBDC2D68D6FC0089ABAD /* Project object */ = {
			isa = PBXProject;
			attributes = {
				BuildIndependentTargetsInParallel = 1;
				LastSwiftUpdateCheck = 1620;
				LastUpgradeCheck = 1620;
				TargetAttributes = {
					11DABBE32D68D6FC0089ABAD = {
						CreatedOnToolsVersion = 16.2;
					};
					11DABBF82D68D6FE0089ABAD = {
						CreatedOnToolsVersion = 16.2;
						TestTargetID = 11DABBE32D68D6FC0089ABAD;
					};
					11DABC022D68D6FE0089ABAD = {
						CreatedOnToolsVersion = 16.2;
						TestTargetID = 11DABBE32D68D6FC0089ABAD;
					};
				};
			};
			buildConfigurationList = 11DABBDF2D68D6FC0089ABAD /* Build configuration list for PBXProject "Orbi" */;
			developmentRegion = en;
			hasScannedForEncodings = 0;
			knownRegions = (
				en,
				Base,
			);
			mainGroup = 11DABBDB2D68D6FC0089ABAD;
			minimizedProjectReferenceProxies = 1;
			preferredProjectObjectVersion = 77;
			productRefGroup = 11DABBE52D68D6FC0089ABAD /* Products */;
			projectDirPath = "";
			projectRoot = "";
			targets = (
				11DABBE32D68D6FC0089ABAD /* Orbi */,
				11DABBF82D68D6FE0089ABAD /* OrbiTests */,
				11DABC022D68D6FE0089ABAD /* OrbiUITests */,
			);
		};
/* End PBXProject section */

/* Begin PBXResourcesBuildPhase section */
		11DABBE22D68D6FC0089ABAD /* Resources */ = {
			isa = PBXResourcesBuildPhase;
			buildActionMask = 2147483647;
			files = (
			);
			runOnlyForDeploymentPostprocessing = 0;
		};
		11DABBF72D68D6FE0089ABAD /* Resources */ = {
			isa = PBXResourcesBuildPhase;
			buildActionMask = 2147483647;
			files = (
			);
			runOnlyForDeploymentPostprocessing = 0;
		};
		11DABC012D68D6FE0089ABAD /* Resources */ = {
			isa = PBXResourcesBuildPhase;
			buildActionMask = 2147483647;
			files = (
			);
			runOnlyForDeploymentPostprocessing = 0;
		};
/* End PBXResourcesBuildPhase section */

/* Begin PBXSourcesBuildPhase section */
		11DABBE02D68D6FC0089ABAD /* Sources */ = {
			isa = PBXSourcesBuildPhase;
			buildActionMask = 2147483647;
			files = (
			);
			runOnlyForDeploymentPostprocessing = 0;
		};
		11DABBF52D68D6FE0089ABAD /* Sources */ = {
			isa = PBXSourcesBuildPhase;
			buildActionMask = 2147483647;
			files = (
			);
			runOnlyForDeploymentPostprocessing = 0;
		};
		11DABBFF2D68D6FE0089ABAD /* Sources */ = {
			isa = PBXSourcesBuildPhase;
			buildActionMask = 2147483647;
			files = (
			);
			runOnlyForDeploymentPostprocessing = 0;
		};
/* End PBXSourcesBuildPhase section */

/* Begin PBXTargetDependency section */
		11DABBFB2D68D6FE0089ABAD /* PBXTargetDependency */ = {
			isa = PBXTargetDependency;
			target = 11DABBE32D68D6FC0089ABAD /* Orbi */;
			targetProxy = 11DABBFA2D68D6FE0089ABAD /* PBXContainerItemProxy */;
		};
		11DABC052D68D6FE0089ABAD /* PBXTargetDependency */ = {
			isa = PBXTargetDependency;
			target = 11DABBE32D68D6FC0089ABAD /* Orbi */;
			targetProxy = 11DABC042D68D6FE0089ABAD /* PBXContainerItemProxy */;
		};
/* End PBXTargetDependency section */

/* Begin XCBuildConfiguration section */
		11DABC0B2D68D6FE0089ABAD /* Debug */ = {
			isa = XCBuildConfiguration;
			buildSettings = {
				ALWAYS_SEARCH_USER_PATHS = NO;
				ASSETCATALOG_COMPILER_GENERATE_SWIFT_ASSET_SYMBOL_EXTENSIONS = YES;
				CLANG_ANALYZER_NONNULL = YES;
				CLANG_ANALYZER_NUMBER_OBJECT_CONVERSION = YES_AGGRESSIVE;
				CLANG_CXX_LANGUAGE_STANDARD = "gnu++20";
				CLANG_ENABLE_MODULES = YES;
				CLANG_ENABLE_OBJC_ARC = YES;
				CLANG_ENABLE_OBJC_WEAK = YES;
				CLANG_WARN_BLOCK_CAPTURE_AUTORELEASING = YES;
				CLANG_WARN_BOOL_CONVERSION = YES;
				CLANG_WARN_COMMA = YES;
				CLANG_WARN_CONSTANT_CONVERSION = YES;
				CLANG_WARN_DEPRECATED_OBJC_IMPLEMENTATIONS = YES;
				CLANG_WARN_DIRECT_OBJC_ISA_USAGE = YES_ERROR;
				CLANG_WARN_DOCUMENTATION_COMMENTS = YES;
				CLANG_WARN_EMPTY_BODY = YES;
				CLANG_WARN_ENUM_CONVERSION = YES;
				CLANG_WARN_INFINITE_RECURSION = YES;
				CLANG_WARN_INT_CONVERSION = YES;
				CLANG_WARN_NON_LITERAL_NULL_CONVERSION = YES;
				CLANG_WARN_OBJC_IMPLICIT_RETAIN_SELF = YES;
				CLANG_WARN_OBJC_LITERAL_CONVERSION = YES;
				CLANG_WARN_OBJC_ROOT_CLASS = YES_ERROR;
				CLANG_WARN_QUOTED_INCLUDE_IN_FRAMEWORK_HEADER = YES;
				CLANG_WARN_RANGE_LOOP_ANALYSIS = YES;
				CLANG_WARN_STRICT_PROTOTYPES = YES;
				CLANG_WARN_SUSPICIOUS_MOVE = YES;
				CLANG_WARN_UNGUARDED_AVAILABILITY = YES_AGGRESSIVE;
				CLANG_WARN_UNREACHABLE_CODE = YES;
				CLANG_WARN__DUPLICATE_METHOD_MATCH = YES;
				COPY_PHASE_STRIP = NO;
				DEBUG_INFORMATION_FORMAT = dwarf;
				ENABLE_STRICT_OBJC_MSGSEND = YES;
				ENABLE_TESTABILITY = YES;
				ENABLE_USER_SCRIPT_SANDBOXING = YES;
				GCC_C_LANGUAGE_STANDARD = gnu17;
				GCC_DYNAMIC_NO_PIC = NO;
				GCC_NO_COMMON_BLOCKS = YES;
				GCC_OPTIMIZATION_LEVEL = 0;
				GCC_PREPROCESSOR_DEFINITIONS = (
					"DEBUG=1",
					"$(inherited)",
				);
				GCC_WARN_64_TO_32_BIT_CONVERSION = YES;
				GCC_WARN_ABOUT_RETURN_TYPE = YES_ERROR;
				GCC_WARN_UNDECLARED_SELECTOR = YES;
				GCC_WARN_UNINITIALIZED_AUTOS = YES_AGGRESSIVE;
				GCC_WARN_UNUSED_FUNCTION = YES;
				GCC_WARN_UNUSED_VARIABLE = YES;
				IPHONEOS_DEPLOYMENT_TARGET = 18.2;
				LOCALIZATION_PREFERS_STRING_CATALOGS = YES;
				MTL_ENABLE_DEBUG_INFO = INCLUDE_SOURCE;
				MTL_FAST_MATH = YES;
				ONLY_ACTIVE_ARCH = YES;
				SDKROOT = iphoneos;
				SWIFT_ACTIVE_COMPILATION_CONDITIONS = "DEBUG $(inherited)";
				SWIFT_OPTIMIZATION_LEVEL = "-Onone";
			};
			name = Debug;
		};
		11DABC0C2D68D6FE0089ABAD /* Release */ = {
			isa = XCBuildConfiguration;
			buildSettings = {
				ALWAYS_SEARCH_USER_PATHS = NO;
				ASSETCATALOG_COMPILER_GENERATE_SWIFT_ASSET_SYMBOL_EXTENSIONS = YES;
				CLANG_ANALYZER_NONNULL = YES;
				CLANG_ANALYZER_NUMBER_OBJECT_CONVERSION = YES_AGGRESSIVE;
				CLANG_CXX_LANGUAGE_STANDARD = "gnu++20";
				CLANG_ENABLE_MODULES = YES;
				CLANG_ENABLE_OBJC_ARC = YES;
				CLANG_ENABLE_OBJC_WEAK = YES;
				CLANG_WARN_BLOCK_CAPTURE_AUTORELEASING = YES;
				CLANG_WARN_BOOL_CONVERSION = YES;
				CLANG_WARN_COMMA = YES;
				CLANG_WARN_CONSTANT_CONVERSION = YES;
				CLANG_WARN_DEPRECATED_OBJC_IMPLEMENTATIONS = YES;
				CLANG_WARN_DIRECT_OBJC_ISA_USAGE = YES_ERROR;
				CLANG_WARN_DOCUMENTATION_COMMENTS = YES;
				CLANG_WARN_EMPTY_BODY = YES;
				CLANG_WARN_ENUM_CONVERSION = YES;
				CLANG_WARN_INFINITE_RECURSION = YES;
				CLANG_WARN_INT_CONVERSION = YES;
				CLANG_WARN_NON_LITERAL_NULL_CONVERSION = YES;
				CLANG_WARN_OBJC_IMPLICIT_RETAIN_SELF = YES;
				CLANG_WARN_OBJC_LITERAL_CONVERSION = YES;
				CLANG_WARN_OBJC_ROOT_CLASS = YES_ERROR;
				CLANG_WARN_QUOTED_INCLUDE_IN_FRAMEWORK_HEADER = YES;
				CLANG_WARN_RANGE_LOOP_ANALYSIS = YES;
				CLANG_WARN_STRICT_PROTOTYPES = YES;
				CLANG_WARN_SUSPICIOUS_MOVE = YES;
				CLANG_WARN_UNGUARDED_AVAILABILITY = YES_AGGRESSIVE;
				CLANG_WARN_UNREACHABLE_CODE = YES;
				CLANG_WARN__DUPLICATE_METHOD_MATCH = YES;
				COPY_PHASE_STRIP = NO;
				DEBUG_INFORMATION_FORMAT = "dwarf-with-dsym";
				ENABLE_NS_ASSERTIONS = NO;
				ENABLE_STRICT_OBJC_MSGSEND = YES;
				ENABLE_USER_SCRIPT_SANDBOXING = YES;
				GCC_C_LANGUAGE_STANDARD = gnu17;
				GCC_NO_COMMON_BLOCKS = YES;
				GCC_WARN_64_TO_32_BIT_CONVERSION = YES;
				GCC_WARN_ABOUT_RETURN_TYPE = YES_ERROR;
				GCC_WARN_UNDECLARED_SELECTOR = YES;
				GCC_WARN_UNINITIALIZED_AUTOS = YES_AGGRESSIVE;
				GCC_WARN_UNUSED_FUNCTION = YES;
				GCC_WARN_UNUSED_VARIABLE = YES;
				IPHONEOS_DEPLOYMENT_TARGET = 18.2;
				LOCALIZATION_PREFERS_STRING_CATALOGS = YES;
				MTL_ENABLE_DEBUG_INFO = NO;
				MTL_FAST_MATH = YES;
				SDKROOT = iphoneos;
				SWIFT_COMPILATION_MODE = wholemodule;
				VALIDATE_PRODUCT = YES;
			};
			name = Release;
		};
		11DABC0E2D68D6FE0089ABAD /* Debug */ = {
			isa = XCBuildConfiguration;
			buildSettings = {
				ASSETCATALOG_COMPILER_APPICON_NAME = AppIcon;
				ASSETCATALOG_COMPILER_GLOBAL_ACCENT_COLOR_NAME = AccentColor;
				CODE_SIGN_STYLE = Automatic;
				CURRENT_PROJECT_VERSION = 1;
				DEVELOPMENT_ASSET_PATHS = "\"Orbi/Preview Content\"";
				DEVELOPMENT_TEAM = A9Y22VHSQK;
				ENABLE_PREVIEWS = YES;
				GENERATE_INFOPLIST_FILE = YES;
				INFOPLIST_KEY_NSBluetoothAlwaysUsageDescription = Yes;
				INFOPLIST_KEY_NSBluetoothPeripheralUsageDescription = Yes;
				INFOPLIST_KEY_NSBluetoothWhileInUseUsageDescription = Yes;
				INFOPLIST_KEY_UIApplicationSceneManifest_Generation = YES;
				INFOPLIST_KEY_UIApplicationSupportsIndirectInputEvents = YES;
				INFOPLIST_KEY_UILaunchScreen_Generation = YES;
				INFOPLIST_KEY_UISupportedInterfaceOrientations_iPad = "UIInterfaceOrientationPortrait UIInterfaceOrientationPortraitUpsideDown UIInterfaceOrientationLandscapeLeft UIInterfaceOrientationLandscapeRight";
				INFOPLIST_KEY_UISupportedInterfaceOrientations_iPhone = "UIInterfaceOrientationPortrait UIInterfaceOrientationLandscapeLeft UIInterfaceOrientationLandscapeRight";
				IPHONEOS_DEPLOYMENT_TARGET = 18;
				LD_RUNPATH_SEARCH_PATHS = (
					"$(inherited)",
					"@executable_path/Frameworks",
				);
				MARKETING_VERSION = 1.0;
				PRODUCT_BUNDLE_IDENTIFIER = Freecoder.Orbi;
				PRODUCT_NAME = "$(TARGET_NAME)";
				SWIFT_EMIT_LOC_STRINGS = YES;
				SWIFT_VERSION = 5.0;
				TARGETED_DEVICE_FAMILY = "1,2";
			};
			name = Debug;
		};
		11DABC0F2D68D6FE0089ABAD /* Release */ = {
			isa = XCBuildConfiguration;
			buildSettings = {
				ASSETCATALOG_COMPILER_APPICON_NAME = AppIcon;
				ASSETCATALOG_COMPILER_GLOBAL_ACCENT_COLOR_NAME = AccentColor;
				CODE_SIGN_STYLE = Automatic;
				CURRENT_PROJECT_VERSION = 1;
				DEVELOPMENT_ASSET_PATHS = "\"Orbi/Preview Content\"";
				DEVELOPMENT_TEAM = A9Y22VHSQK;
				ENABLE_PREVIEWS = YES;
				GENERATE_INFOPLIST_FILE = YES;
				INFOPLIST_KEY_NSBluetoothAlwaysUsageDescription = Yes;
				INFOPLIST_KEY_NSBluetoothPeripheralUsageDescription = Yes;
				INFOPLIST_KEY_NSBluetoothWhileInUseUsageDescription = Yes;
				INFOPLIST_KEY_UIApplicationSceneManifest_Generation = YES;
				INFOPLIST_KEY_UIApplicationSupportsIndirectInputEvents = YES;
				INFOPLIST_KEY_UILaunchScreen_Generation = YES;
				INFOPLIST_KEY_UISupportedInterfaceOrientations_iPad = "UIInterfaceOrientationPortrait UIInterfaceOrientationPortraitUpsideDown UIInterfaceOrientationLandscapeLeft UIInterfaceOrientationLandscapeRight";
				INFOPLIST_KEY_UISupportedInterfaceOrientations_iPhone = "UIInterfaceOrientationPortrait UIInterfaceOrientationLandscapeLeft UIInterfaceOrientationLandscapeRight";
				IPHONEOS_DEPLOYMENT_TARGET = 18;
				LD_RUNPATH_SEARCH_PATHS = (
					"$(inherited)",
					"@executable_path/Frameworks",
				);
				MARKETING_VERSION = 1.0;
				PRODUCT_BUNDLE_IDENTIFIER = Freecoder.Orbi;
				PRODUCT_NAME = "$(TARGET_NAME)";
				SWIFT_EMIT_LOC_STRINGS = YES;
				SWIFT_VERSION = 5.0;
				TARGETED_DEVICE_FAMILY = "1,2";
			};
			name = Release;
		};
		11DABC112D68D6FE0089ABAD /* Debug */ = {
			isa = XCBuildConfiguration;
			buildSettings = {
				BUNDLE_LOADER = "$(TEST_HOST)";
				CODE_SIGN_STYLE = Automatic;
				CURRENT_PROJECT_VERSION = 1;
				DEVELOPMENT_TEAM = A9Y22VHSQK;
				GENERATE_INFOPLIST_FILE = YES;
				IPHONEOS_DEPLOYMENT_TARGET = 18.2;
				MARKETING_VERSION = 1.0;
				PRODUCT_BUNDLE_IDENTIFIER = Freecoder.OrbiTests;
				PRODUCT_NAME = "$(TARGET_NAME)";
				SWIFT_EMIT_LOC_STRINGS = NO;
				SWIFT_VERSION = 5.0;
				TARGETED_DEVICE_FAMILY = "1,2";
				TEST_HOST = "$(BUILT_PRODUCTS_DIR)/Orbi.app/$(BUNDLE_EXECUTABLE_FOLDER_PATH)/Orbi";
			};
			name = Debug;
		};
		11DABC122D68D6FE0089ABAD /* Release */ = {
			isa = XCBuildConfiguration;
			buildSettings = {
				BUNDLE_LOADER = "$(TEST_HOST)";
				CODE_SIGN_STYLE = Automatic;
				CURRENT_PROJECT_VERSION = 1;
				DEVELOPMENT_TEAM = A9Y22VHSQK;
				GENERATE_INFOPLIST_FILE = YES;
				IPHONEOS_DEPLOYMENT_TARGET = 18.2;
				MARKETING_VERSION = 1.0;
				PRODUCT_BUNDLE_IDENTIFIER = Freecoder.OrbiTests;
				PRODUCT_NAME = "$(TARGET_NAME)";
				SWIFT_EMIT_LOC_STRINGS = NO;
				SWIFT_VERSION = 5.0;
				TARGETED_DEVICE_FAMILY = "1,2";
				TEST_HOST = "$(BUILT_PRODUCTS_DIR)/Orbi.app/$(BUNDLE_EXECUTABLE_FOLDER_PATH)/Orbi";
			};
			name = Release;
		};
		11DABC142D68D6FE0089ABAD /* Debug */ = {
			isa = XCBuildConfiguration;
			buildSettings = {
				CODE_SIGN_STYLE = Automatic;
				CURRENT_PROJECT_VERSION = 1;
				DEVELOPMENT_TEAM = A9Y22VHSQK;
				GENERATE_INFOPLIST_FILE = YES;
				MARKETING_VERSION = 1.0;
				PRODUCT_BUNDLE_IDENTIFIER = Freecoder.OrbiUITests;
				PRODUCT_NAME = "$(TARGET_NAME)";
				SWIFT_EMIT_LOC_STRINGS = NO;
				SWIFT_VERSION = 5.0;
				TARGETED_DEVICE_FAMILY = "1,2";
				TEST_TARGET_NAME = Orbi;
			};
			name = Debug;
		};
		11DABC152D68D6FE0089ABAD /* Release */ = {
			isa = XCBuildConfiguration;
			buildSettings = {
				CODE_SIGN_STYLE = Automatic;
				CURRENT_PROJECT_VERSION = 1;
				DEVELOPMENT_TEAM = A9Y22VHSQK;
				GENERATE_INFOPLIST_FILE = YES;
				MARKETING_VERSION = 1.0;
				PRODUCT_BUNDLE_IDENTIFIER = Freecoder.OrbiUITests;
				PRODUCT_NAME = "$(TARGET_NAME)";
				SWIFT_EMIT_LOC_STRINGS = NO;
				SWIFT_VERSION = 5.0;
				TARGETED_DEVICE_FAMILY = "1,2";
				TEST_TARGET_NAME = Orbi;
			};
			name = Release;
		};
/* End XCBuildConfiguration section */

/* Begin XCConfigurationList section */
		11DABBDF2D68D6FC0089ABAD /* Build configuration list for PBXProject "Orbi" */ = {
			isa = XCConfigurationList;
			buildConfigurations = (
				11DABC0B2D68D6FE0089ABAD /* Debug */,
				11DABC0C2D68D6FE0089ABAD /* Release */,
			);
			defaultConfigurationIsVisible = 0;
			defaultConfigurationName = Release;
		};
		11DABC0D2D68D6FE0089ABAD /* Build configuration list for PBXNativeTarget "Orbi" */ = {
			isa = XCConfigurationList;
			buildConfigurations = (
				11DABC0E2D68D6FE0089ABAD /* Debug */,
				11DABC0F2D68D6FE0089ABAD /* Release */,
			);
			defaultConfigurationIsVisible = 0;
			defaultConfigurationName = Release;
		};
		11DABC102D68D6FE0089ABAD /* Build configuration list for PBXNativeTarget "OrbiTests" */ = {
			isa = XCConfigurationList;
			buildConfigurations = (
				11DABC112D68D6FE0089ABAD /* Debug */,
				11DABC122D68D6FE0089ABAD /* Release */,
			);
			defaultConfigurationIsVisible = 0;
			defaultConfigurationName = Release;
		};
		11DABC132D68D6FE0089ABAD /* Build configuration list for PBXNativeTarget "OrbiUITests" */ = {
			isa = XCConfigurationList;
			buildConfigurations = (
				11DABC142D68D6FE0089ABAD /* Debug */,
				11DABC152D68D6FE0089ABAD /* Release */,
			);
			defaultConfigurationIsVisible = 0;
			defaultConfigurationName = Release;
		};
/* End XCConfigurationList section */
	};
	rootObject = 11DABBDC2D68D6FC0089ABAD /* Project object */;
}
